
Microsoft Visual Studio Solution File, Format Version 12.00
# Visual Studio Version 17
VisualStudioVersion = 17.9.34607.119
MinimumVisualStudioVersion = 10.0.40219.1
Project("{FAE04EC0-301F-11D3-BF4B-00C04F79EFBC}") = "SYQ1", "SYQ1.csproj", "{DE6A2E8A-3F27-43B7-ADAD-82CDCE36728F}"
EndProject
Global
	GlobalSection(SolutionConfigurationPlatforms) = preSolution
		Debug|Any CPU = Debug|Any CPU
		Debug|x64 = Debug|x64
		Release|Any CPU = Release|Any CPU
		Release|x64 = Release|x64
	EndGlobalSection
	GlobalSection(ProjectConfigurationPlatforms) = postSolution
		{DE6A2E8A-3F27-43B7-ADAD-82CDCE36728F}.Debug|Any CPU.ActiveCfg = Debug|Any CPU
		{DE6A2E8A-3F27-43B7-ADAD-82CDCE36728F}.Debug|Any CPU.Build.0 = Debug|Any CPU
		{DE6A2E8A-3F27-43B7-ADAD-82CDCE36728F}.Debug|x64.ActiveCfg = Debug|x64
		{DE6A2E8A-3F27-43B7-ADAD-82CDCE36728F}.Debug|x64.Build.0 = Debug|x64
		{DE6A2E8A-3F27-43B7-ADAD-82CDCE36728F}.Release|Any CPU.ActiveCfg = Release|Any CPU
		{DE6A2E8A-3F27-43B7-ADAD-82CDCE36728F}.Release|Any CPU.Build.0 = Release|Any CPU
		{DE6A2E8A-3F27-43B7-ADAD-82CDCE36728F}.Release|x64.ActiveCfg = Release|x64
		{DE6A2E8A-3F27-43B7-ADAD-82CDCE36728F}.Release|x64.Build.0 = Release|x64
	EndGlobalSection
	GlobalSection(SolutionProperties) = preSolution
		HideSolutionNode = FALSE
	EndGlobalSection
	GlobalSection(ExtensibilityGlobals) = postSolution
		SolutionGuid = {97912F22-2F1E-427F-9647-11C3226D5B09}
	EndGlobalSection
EndGlobal
